// !$*UTF8*$!
{
	archiveVersion = 1;
	classes = {
	};
	objectVersion = 48;
	objects = {

/* Begin PBXBuildFile section */
		522A27CC2029BD2800BBBFC2 /* AppDelegate.swift in Sources */ = {isa = PBXBuildFile; fileRef = 522A27CB2029BD2800BBBFC2 /* AppDelegate.swift */; };
		522A27D12029BD2800BBBFC2 /* Main.storyboard in Resources */ = {isa = PBXBuildFile; fileRef = 522A27CF2029BD2800BBBFC2 /* Main.storyboard */; };
		522A27D32029BD2800BBBFC2 /* Assets.xcassets in Resources */ = {isa = PBXBuildFile; fileRef = 522A27D22029BD2800BBBFC2 /* Assets.xcassets */; };
		522A27D62029BD2800BBBFC2 /* LaunchScreen.storyboard in Resources */ = {isa = PBXBuildFile; fileRef = 522A27D42029BD2800BBBFC2 /* LaunchScreen.storyboard */; };
		529F78C6202ACDF4000767DA /* PlaybackViewController.swift in Sources */ = {isa = PBXBuildFile; fileRef = 529F78C5202ACDF4000767DA /* PlaybackViewController.swift */; };
		529F78C8202AD16F000767DA /* RecordSoundViewController.swift in Sources */ = {isa = PBXBuildFile; fileRef = 529F78C7202AD16F000767DA /* RecordSoundViewController.swift */; };
		529F78CA202B4699000767DA /* PlaybackExtension.swift in Sources */ = {isa = PBXBuildFile; fileRef = 529F78C9202B4699000767DA /* PlaybackExtension.swift */; };
/* End PBXBuildFile section */

/* Begin PBXFileReference section */
		522A27C82029BD2800BBBFC2 /* voice-changer.app */ = {isa = PBXFileReference; explicitFileType = wrapper.application; includeInIndex = 0; path = "voice-changer.app"; sourceTree = BUILT_PRODUCTS_DIR; };
		522A27CB2029BD2800BBBFC2 /* AppDelegate.swift */ = {isa = PBXFileReference; lastKnownFileType = sourcecode.swift; path = AppDelegate.swift; sourceTree = "<group>"; };
		522A27D02029BD2800BBBFC2 /* Base */ = {isa = PBXFileReference; lastKnownFileType = file.storyboard; name = Base; path = Base.lproj/Main.storyboard; sourceTree = "<group>"; };
		522A27D22029BD2800BBBFC2 /* Assets.xcassets */ = {isa = PBXFileReference; lastKnownFileType = folder.assetcatalog; path = Assets.xcassets; sourceTree = "<group>"; };
		522A27D52029BD2800BBBFC2 /* Base */ = {isa = PBXFileReference; lastKnownFileType = file.storyboard; name = Base; path = Base.lproj/LaunchScreen.storyboard; sourceTree = "<group>"; };
		522A27D72029BD2800BBBFC2 /* Info.plist */ = {isa = PBXFileReference; lastKnownFileType = text.plist.xml; path = Info.plist; sourceTree = "<group>"; };
		529F78C5202ACDF4000767DA /* PlaybackViewController.swift */ = {isa = PBXFileReference; lastKnownFileType = sourcecode.swift; path = PlaybackViewController.swift; sourceTree = "<group>"; };
		529F78C7202AD16F000767DA /* RecordSoundViewController.swift */ = {isa = PBXFileReference; fileEncoding = 4; lastKnownFileType = sourcecode.swift; path = RecordSoundViewController.swift; sourceTree = "<group>"; };
		529F78C9202B4699000767DA /* PlaybackExtension.swift */ = {isa = PBXFileReference; lastKnownFileType = sourcecode.swift; path = PlaybackExtension.swift; sourceTree = "<group>"; };
/* End PBXFileReference section */

/* Begin PBXFrameworksBuildPhase section */
		522A27C52029BD2800BBBFC2 /* Frameworks */ = {
			isa = PBXFrameworksBuildPhase;
			buildActionMask = 2147483647;
			files = (
			);
			runOnlyForDeploymentPostprocessing = 0;
		};
/* End PBXFrameworksBuildPhase section */

/* Begin PBXGroup section */
		522A27BF2029BD2800BBBFC2 = {
			isa = PBXGroup;
			children = (
				522A27CA2029BD2800BBBFC2 /* voice-changer */,
				522A27C92029BD2800BBBFC2 /* Products */,
			);
			sourceTree = "<group>";
		};
		522A27C92029BD2800BBBFC2 /* Products */ = {
			isa = PBXGroup;
			children = (
				522A27C82029BD2800BBBFC2 /* voice-changer.app */,
			);
			name = Products;
			sourceTree = "<group>";
		};
		522A27CA2029BD2800BBBFC2 /* voice-changer */ = {
			isa = PBXGroup;
			children = (
				522A27CB2029BD2800BBBFC2 /* AppDelegate.swift */,
				529F78C7202AD16F000767DA /* RecordSoundViewController.swift */,
				529F78C5202ACDF4000767DA /* PlaybackViewController.swift */,
				529F78C9202B4699000767DA /* PlaybackExtension.swift */,
				522A27CF2029BD2800BBBFC2 /* Main.storyboard */,
				522A27D22029BD2800BBBFC2 /* Assets.xcassets */,
				522A27D42029BD2800BBBFC2 /* LaunchScreen.storyboard */,
				522A27D72029BD2800BBBFC2 /* Info.plist */,
			);
			path = "voice-changer";
			sourceTree = "<group>";
		};
/* End PBXGroup section */

/* Begin PBXNativeTarget section */
		522A27C72029BD2800BBBFC2 /* voice-changer */ = {
			isa = PBXNativeTarget;
			buildConfigurationList = 522A27DA2029BD2800BBBFC2 /* Build configuration list for PBXNativeTarget "voice-changer" */;
			buildPhases = (
				522A27C42029BD2800BBBFC2 /* Sources */,
				522A27C52029BD2800BBBFC2 /* Frameworks */,
				522A27C62029BD2800BBBFC2 /* Resources */,
			);
			buildRules = (
			);
			dependencies = (
			);
			name = "voice-changer";
			productName = "voice-changer";
			productReference = 522A27C82029BD2800BBBFC2 /* voice-changer.app */;
			productType = "com.apple.product-type.application";
		};
/* End PBXNativeTarget section */

/* Begin PBXProject section */
		522A27C02029BD2800BBBFC2 /* Project object */ = {
			isa = PBXProject;
			attributes = {
				LastSwiftUpdateCheck = 0920;
				LastUpgradeCheck = 0920;
				ORGANIZATIONNAME = "Rohit Rajput";
				TargetAttributes = {
					522A27C72029BD2800BBBFC2 = {
						CreatedOnToolsVersion = 9.2;
						ProvisioningStyle = Automatic;
					};
				};
			};
			buildConfigurationList = 522A27C32029BD2800BBBFC2 /* Build configuration list for PBXProject "voice-changer" */;
			compatibilityVersion = "Xcode 8.0";
			developmentRegion = en;
			hasScannedForEncodings = 0;
			knownRegions = (
				en,
				Base,
			);
			mainGroup = 522A27BF2029BD2800BBBFC2;
			productRefGroup = 522A27C92029BD2800BBBFC2 /* Products */;
			projectDirPath = "";
			projectRoot = "";
			targets = (
				522A27C72029BD2800BBBFC2 /* voice-changer */,
			);
		};
/* End PBXProject section */

/* Begin PBXResourcesBuildPhase section */
		522A27C62029BD2800BBBFC2 /* Resources */ = {
			isa = PBXResourcesBuildPhase;
			buildActionMask = 2147483647;
			files = (
				522A27D62029BD2800BBBFC2 /* LaunchScreen.storyboard in Resources */,
				522A27D32029BD2800BBBFC2 /* Assets.xcassets in Resources */,
				522A27D12029BD2800BBBFC2 /* Main.storyboard in Resources */,
			);
			runOnlyForDeploymentPostprocessing = 0;
		};
/* End PBXResourcesBuildPhase section */

/* Begin PBXSourcesBuildPhase section */
		522A27C42029BD2800BBBFC2 /* Sources */ = {
			isa = PBXSourcesBuildPhase;
			buildActionMask = 2147483647;
			files = (
				529F78C6202ACDF4000767DA /* PlaybackViewController.swift in Sources */,
				529F78C8202AD16F000767DA /* RecordSoundViewController.swift in Sources */,
				529F78CA202B4699000767DA /* PlaybackExtension.swift in Sources */,
				522A27CC2029BD2800BBBFC2 /* AppDelegate.swift in Sources */,
			);
			runOnlyForDeploymentPostprocessing = 0;
		};
/* End PBXSourcesBuildPhase section */

/* Begin PBXVariantGroup section */
		522A27CF2029BD2800BBBFC2 /* Main.storyboard */ = {
			isa = PBXVariantGroup;
			children = (
				522A27D02029BD2800BBBFC2 /* Base */,
			);
			name = Main.storyboard;
			sourceTree = "<group>";
		};
		522A27D42029BD2800BBBFC2 /* LaunchScreen.storyboard */ = {
			isa = PBXVariantGroup;
			children = (
				522A27D52029BD2800BBBFC2 /* Base */,
			);
			name = LaunchScreen.storyboard;
			sourceTree = "<group>";
		};
/* End PBXVariantGroup section */

/* Begin XCBuildConfiguration section */
		522A27D82029BD2800BBBFC2 /* Debug */ = {
			isa = XCBuildConfiguration;
			buildSettings = {
				ALWAYS_SEARCH_USER_PATHS = NO;
				CLANG_ANALYZER_NONNULL = YES;
				CLANG_ANALYZER_NUMBER_OBJECT_CONVERSION = YES_AGGRESSIVE;
				CLANG_CXX_LANGUAGE_STANDARD = "gnu++14";
				CLANG_CXX_LIBRARY = "libc++";
				CLANG_ENABLE_MODULES = YES;
				CLANG_ENABLE_OBJC_ARC = YES;
				CLANG_WARN_BLOCK_CAPTURE_AUTORELEASING = YES;
				CLANG_WARN_BOOL_CONVERSION = YES;
				CLANG_WARN_COMMA = YES;
				CLANG_WARN_CONSTANT_CONVERSION = YES;
				CLANG_WARN_DIRECT_OBJC_ISA_USAGE = YES_ERROR;
				CLANG_WARN_DOCUMENTATION_COMMENTS = YES;
				CLANG_WARN_EMPTY_BODY = YES;
				CLANG_WARN_ENUM_CONVERSION = YES;
				CLANG_WARN_INFINITE_RECURSION = YES;
				CLANG_WARN_INT_CONVERSION = YES;
				CLANG_WARN_NON_LITERAL_NULL_CONVERSION = YES;
				CLANG_WARN_OBJC_LITERAL_CONVERSION = YES;
				CLANG_WARN_OBJC_ROOT_CLASS = YES_ERROR;
				CLANG_WARN_RANGE_LOOP_ANALYSIS = YES;
				CLANG_WARN_STRICT_PROTOTYPES = YES;
				CLANG_WARN_SUSPICIOUS_MOVE = YES;
				CLANG_WARN_UNGUARDED_AVAILABILITY = YES_AGGRESSIVE;
				CLANG_WARN_UNREACHABLE_CODE = YES;
				CLANG_WARN__DUPLICATE_METHOD_MATCH = YES;
				CODE_SIGN_IDENTITY = "iPhone Developer";
				COPY_PHASE_STRIP = NO;
				DEBUG_INFORMATION_FORMAT = dwarf;
				ENABLE_STRICT_OBJC_MSGSEND = YES;
				ENABLE_TESTABILITY = YES;
				GCC_C_LANGUAGE_STANDARD = gnu11;
				GCC_DYNAMIC_NO_PIC = NO;
				GCC_NO_COMMON_BLOCKS = YES;
				GCC_OPTIMIZATION_LEVEL = 0;
				GCC_PREPROCESSOR_DEFINITIONS = (
					"DEBUG=1",
					"$(inherited)",
				);
				GCC_WARN_64_TO_32_BIT_CONVERSION = YES;
				GCC_WARN_ABOUT_RETURN_TYPE = YES_ERROR;
				GCC_WARN_UNDECLARED_SELECTOR = YES;
				GCC_WARN_UNINITIALIZED_AUTOS = YES_AGGRESSIVE;
				GCC_WARN_UNUSED_FUNCTION = YES;
				GCC_WARN_UNUSED_VARIABLE = YES;
				IPHONEOS_DEPLOYMENT_TARGET = 11.2;
				MTL_ENABLE_DEBUG_INFO = YES;
				ONLY_ACTIVE_ARCH = YES;
				SDKROOT = iphoneos;
				SWIFT_ACTIVE_COMPILATION_CONDITIONS = DEBUG;
				SWIFT_OPTIMIZATION_LEVEL = "-Onone";
			};
			name = Debug;
		};
		522A27D92029BD2800BBBFC2 /* Release */ = {
			isa = XCBuildConfiguration;
			buildSettings = {
				ALWAYS_SEARCH_USER_PATHS = NO;
				CLANG_ANALYZER_NONNULL = YES;
				CLANG_ANALYZER_NUMBER_OBJECT_CONVERSION = YES_AGGRESSIVE;
				CLANG_CXX_LANGUAGE_STANDARD = "gnu++14";
				CLANG_CXX_LIBRARY = "libc++";
				CLANG_ENABLE_MODULES = YES;
				CLANG_ENABLE_OBJC_ARC = YES;
				CLANG_WARN_BLOCK_CAPTURE_AUTORELEASING = YES;
				CLANG_WARN_BOOL_CONVERSION = YES;
				CLANG_WARN_COMMA = YES;
				CLANG_WARN_CONSTANT_CONVERSION = YES;
				CLANG_WARN_DIRECT_OBJC_ISA_USAGE = YES_ERROR;
				CLANG_WARN_DOCUMENTATION_COMMENTS = YES;
				CLANG_WARN_EMPTY_BODY = YES;
				CLANG_WARN_ENUM_CONVERSION = YES;
				CLANG_WARN_INFINITE_RECURSION = YES;
				CLANG_WARN_INT_CONVERSION = YES;
				CLANG_WARN_NON_LITERAL_NULL_CONVERSION = YES;
				CLANG_WARN_OBJC_LITERAL_CONVERSION = YES;
				CLANG_WARN_OBJC_ROOT_CLASS = YES_ERROR;
				CLANG_WARN_RANGE_LOOP_ANALYSIS = YES;
				CLANG_WARN_STRICT_PROTOTYPES = YES;
				CLANG_WARN_SUSPICIOUS_MOVE = YES;
				CLANG_WARN_UNGUARDED_AVAILABILITY = YES_AGGRESSIVE;
				CLANG_WARN_UNREACHABLE_CODE = YES;
				CLANG_WARN__DUPLICATE_METHOD_MATCH = YES;
				CODE_SIGN_IDENTITY = "iPhone Developer";
				COPY_PHASE_STRIP = NO;
				DEBUG_INFORMATION_FORMAT = "dwarf-with-dsym";
				ENABLE_NS_ASSERTIONS = NO;
				ENABLE_STRICT_OBJC_MSGSEND = YES;
				GCC_C_LANGUAGE_STANDARD = gnu11;
				GCC_NO_COMMON_BLOCKS = YES;
				GCC_WARN_64_TO_32_BIT_CONVERSION = YES;
				GCC_WARN_ABOUT_RETURN_TYPE = YES_ERROR;
				GCC_WARN_UNDECLARED_SELECTOR = YES;
				GCC_WARN_UNINITIALIZED_AUTOS = YES_AGGRESSIVE;
				GCC_WARN_UNUSED_FUNCTION = YES;
				GCC_WARN_UNUSED_VARIABLE = YES;
				IPHONEOS_DEPLOYMENT_TARGET = 11.2;
				MTL_ENABLE_DEBUG_INFO = NO;
				SDKROOT = iphoneos;
				SWIFT_OPTIMIZATION_LEVEL = "-Owholemodule";
				VALIDATE_PRODUCT = YES;
			};
			name = Release;
		};
		522A27DB2029BD2800BBBFC2 /* Debug */ = {
			isa = XCBuildConfiguration;
			buildSettings = {
				ASSETCATALOG_COMPILER_APPICON_NAME = AppIcon;
				CODE_SIGN_STYLE = Automatic;
				DEVELOPMENT_TEAM = 3XAD8B88H6;
				INFOPLIST_FILE = "voice-changer/Info.plist";
				LD_RUNPATH_SEARCH_PATHS = "$(inherited) @executable_path/Frameworks";
				PRODUCT_BUNDLE_IDENTIFIER = "rohitrajput.voice-changer";
				PRODUCT_NAME = "$(TARGET_NAME)";
				SWIFT_VERSION = 4.0;
				TARGETED_DEVICE_FAMILY = "1,2";
			};
			name = Debug;
		};
		522A27DC2029BD2800BBBFC2 /* Release */ = {
			isa = XCBuildConfiguration;
			buildSettings = {
				ASSETCATALOG_COMPILER_APPICON_NAME = AppIcon;
				CODE_SIGN_STYLE = Automatic;
				DEVELOPMENT_TEAM = 3XAD8B88H6;
				INFOPLIST_FILE = "voice-changer/Info.plist";
				LD_RUNPATH_SEARCH_PATHS = "$(inherited) @executable_path/Frameworks";
				PRODUCT_BUNDLE_IDENTIFIER = "rohitrajput.voice-changer";
				PRODUCT_NAME = "$(TARGET_NAME)";
				SWIFT_VERSION = 4.0;
				TARGETED_DEVICE_FAMILY = "1,2";
			};
			name = Release;
		};
/* End XCBuildConfiguration section */

/* Begin XCConfigurationList section */
		522A27C32029BD2800BBBFC2 /* Build configuration list for PBXProject "voice-changer" */ = {
			isa = XCConfigurationList;
			buildConfigurations = (
				522A27D82029BD2800BBBFC2 /* Debug */,
				522A27D92029BD2800BBBFC2 /* Release */,
			);
			defaultConfigurationIsVisible = 0;
			defaultConfigurationName = Release;
		};
		522A27DA2029BD2800BBBFC2 /* Build configuration list for PBXNativeTarget "voice-changer" */ = {
			isa = XCConfigurationList;
			buildConfigurations = (
				522A27DB2029BD2800BBBFC2 /* Debug */,
				522A27DC2029BD2800BBBFC2 /* Release */,
			);
			defaultConfigurationIsVisible = 0;
			defaultConfigurationName = Release;
		};
/* End XCConfigurationList section */
	};
	rootObject = 522A27C02029BD2800BBBFC2 /* Project object */;
}
